
Microsoft Visual Studio Solution File, Format Version 12.00
# Visual Studio Version 16
VisualStudioVersion = 16.0.32002.261
MinimumVisualStudioVersion = 10.0.40219.1
Project("{FAE04EC0-301F-11D3-BF4B-00C04F79EFBC}") = "SudokuDataStore", "SudokuDataStore\SudokuDataStore.csproj", "{E66D8CFE-7AEC-4674-ABF0-24BF2BCEEF51}"
EndProject
Global
	GlobalSection(SolutionConfigurationPlatforms) = preSolution
		Debug|Any CPU = Debug|Any CPU
		Release|Any CPU = Release|Any CPU
	EndGlobalSection
	GlobalSection(ProjectConfigurationPlatforms) = postSolution
		{E66D8CFE-7AEC-4674-ABF0-24BF2BCEEF51}.Debug|Any CPU.ActiveCfg = Debug|Any CPU
		{E66D8CFE-7AEC-4674-ABF0-24BF2BCEEF51}.Debug|Any CPU.Build.0 = Debug|Any CPU
		{E66D8CFE-7AEC-4674-ABF0-24BF2BCEEF51}.Release|Any CPU.ActiveCfg = Release|Any CPU
		{E66D8CFE-7AEC-4674-ABF0-24BF2BCEEF51}.Release|Any CPU.Build.0 = Release|Any CPU
	EndGlobalSection
	GlobalSection(SolutionProperties) = preSolution
		HideSolutionNode = FALSE
	EndGlobalSection
	GlobalSection(ExtensibilityGlobals) = postSolution
		SolutionGuid = {E5F5D2D0-6698-4587-BBF6-EF0AD9187F44}
	EndGlobalSection
EndGlobal
